{
  "name": "code",
  "version": "1.0.0",
  "lockfileVersion": 1,
  "requires": true,
  "dependencies": {
    "vue-highcharts": {
      "version": "0.0.10",
      "resolved": "https://globaldevtools.bbva.com:443/artifactory/api/npm/npm-repo/vue-highcharts/-/vue-highcharts-0.0.10.tgz",
      "integrity": "sha1-pLkAmO3nemXMqH5ivth1SeHhyYU="
    }
  }
}
